{
  "name": "dev-cli",
  "version": "1.0.0",
  "lockfileVersion": 3,
  "requires": true,
  "packages": {
    "": {
      "name": "dev-cli",
      "version": "1.0.0",
      "license": "ISC",
      "dependencies": {
        "dev-cli": "github:Thomas-Carlsen/dev-cli"
      }
    },
    "node_modules/dev-cli": {
      "version": "1.0.0",
      "resolved": "git+ssh://git@github.com/Thomas-Carlsen/dev-cli.git#fb799cc6dbf3523d5c1c0535f69961f669729e6d",
      "license": "ISC"
    }
  }
}
